// !$*UTF8*$!
{
	archiveVersion = 1;
	classes = {
	};
	objectVersion = 56;
	objects = {

/* Begin PBXBuildFile section */
		027A48242C78A5A8003EA1E6 /* RepSetApp.swift in Sources */ = {isa = PBXBuildFile; fileRef = 027A48232C78A5A8003EA1E6 /* RepSetApp.swift */; };
		027A48282C78A5A9003EA1E6 /* Assets.xcassets in Resources */ = {isa = PBXBuildFile; fileRef = 027A48272C78A5A9003EA1E6 /* Assets.xcassets */; };
		027A482B2C78A5A9003EA1E6 /* Preview Assets.xcassets in Resources */ = {isa = PBXBuildFile; fileRef = 027A482A2C78A5A9003EA1E6 /* Preview Assets.xcassets */; };
		027A48342C78A7AB003EA1E6 /* NetworkManager.swift in Sources */ = {isa = PBXBuildFile; fileRef = 027A48332C78A7AB003EA1E6 /* NetworkManager.swift */; };
		027A48372C78A99B003EA1E6 /* RSError.swift in Sources */ = {isa = PBXBuildFile; fileRef = 027A48362C78A99B003EA1E6 /* RSError.swift */; };
		027A483F2C78B7D3003EA1E6 /* SessionsScreenView+VM.swift in Sources */ = {isa = PBXBuildFile; fileRef = 027A483E2C78B7D3003EA1E6 /* SessionsScreenView+VM.swift */; };
		027A48412C78B7E4003EA1E6 /* SessionsScreenView.swift in Sources */ = {isa = PBXBuildFile; fileRef = 027A48402C78B7E4003EA1E6 /* SessionsScreenView.swift */; };
		027A48432C78B847003EA1E6 /* SetsScreenView.swift in Sources */ = {isa = PBXBuildFile; fileRef = 027A48422C78B847003EA1E6 /* SetsScreenView.swift */; };
		027A48452C78B854003EA1E6 /* SetsScreenView+VM.swift in Sources */ = {isa = PBXBuildFile; fileRef = 027A48442C78B854003EA1E6 /* SetsScreenView+VM.swift */; };
		027A484A2C78B8F6003EA1E6 /* RepsScreenView.swift in Sources */ = {isa = PBXBuildFile; fileRef = 027A48492C78B8F6003EA1E6 /* RepsScreenView.swift */; };
		027A484C2C78B902003EA1E6 /* RepsScreenView+VM.swift in Sources */ = {isa = PBXBuildFile; fileRef = 027A484B2C78B902003EA1E6 /* RepsScreenView+VM.swift */; };
		027A484F2C78B9AD003EA1E6 /* RSSessionDTO.swift in Sources */ = {isa = PBXBuildFile; fileRef = 027A484E2C78B9AD003EA1E6 /* RSSessionDTO.swift */; };
		027A48512C78B9B7003EA1E6 /* RSSetDTO.swift in Sources */ = {isa = PBXBuildFile; fileRef = 027A48502C78B9B7003EA1E6 /* RSSetDTO.swift */; };
		027A48532C78B9C0003EA1E6 /* RSRepDTO.swift in Sources */ = {isa = PBXBuildFile; fileRef = 027A48522C78B9C0003EA1E6 /* RSRepDTO.swift */; };
		027A48562C78B9EE003EA1E6 /* RSSession.swift in Sources */ = {isa = PBXBuildFile; fileRef = 027A48552C78B9EE003EA1E6 /* RSSession.swift */; };
		027A48582C78B9F4003EA1E6 /* RSSet.swift in Sources */ = {isa = PBXBuildFile; fileRef = 027A48572C78B9F4003EA1E6 /* RSSet.swift */; };
		027A485A2C78B9FB003EA1E6 /* RSRep.swift in Sources */ = {isa = PBXBuildFile; fileRef = 027A48592C78B9FB003EA1E6 /* RSRep.swift */; };
/* End PBXBuildFile section */

/* Begin PBXFileReference section */
		027A48202C78A5A8003EA1E6 /* RepSet.app */ = {isa = PBXFileReference; explicitFileType = wrapper.application; includeInIndex = 0; path = RepSet.app; sourceTree = BUILT_PRODUCTS_DIR; };
		027A48232C78A5A8003EA1E6 /* RepSetApp.swift */ = {isa = PBXFileReference; lastKnownFileType = sourcecode.swift; path = RepSetApp.swift; sourceTree = "<group>"; };
		027A48272C78A5A9003EA1E6 /* Assets.xcassets */ = {isa = PBXFileReference; lastKnownFileType = folder.assetcatalog; path = Assets.xcassets; sourceTree = "<group>"; };
		027A482A2C78A5A9003EA1E6 /* Preview Assets.xcassets */ = {isa = PBXFileReference; lastKnownFileType = folder.assetcatalog; path = "Preview Assets.xcassets"; sourceTree = "<group>"; };
		027A48332C78A7AB003EA1E6 /* NetworkManager.swift */ = {isa = PBXFileReference; lastKnownFileType = sourcecode.swift; path = NetworkManager.swift; sourceTree = "<group>"; };
		027A48362C78A99B003EA1E6 /* RSError.swift */ = {isa = PBXFileReference; lastKnownFileType = sourcecode.swift; path = RSError.swift; sourceTree = "<group>"; };
		027A483E2C78B7D3003EA1E6 /* SessionsScreenView+VM.swift */ = {isa = PBXFileReference; lastKnownFileType = sourcecode.swift; path = "SessionsScreenView+VM.swift"; sourceTree = "<group>"; };
		027A48402C78B7E4003EA1E6 /* SessionsScreenView.swift */ = {isa = PBXFileReference; lastKnownFileType = sourcecode.swift; path = SessionsScreenView.swift; sourceTree = "<group>"; };
		027A48422C78B847003EA1E6 /* SetsScreenView.swift */ = {isa = PBXFileReference; lastKnownFileType = sourcecode.swift; path = SetsScreenView.swift; sourceTree = "<group>"; };
		027A48442C78B854003EA1E6 /* SetsScreenView+VM.swift */ = {isa = PBXFileReference; lastKnownFileType = sourcecode.swift; path = "SetsScreenView+VM.swift"; sourceTree = "<group>"; };
		027A48492C78B8F6003EA1E6 /* RepsScreenView.swift */ = {isa = PBXFileReference; lastKnownFileType = sourcecode.swift; path = RepsScreenView.swift; sourceTree = "<group>"; };
		027A484B2C78B902003EA1E6 /* RepsScreenView+VM.swift */ = {isa = PBXFileReference; lastKnownFileType = sourcecode.swift; path = "RepsScreenView+VM.swift"; sourceTree = "<group>"; };
		027A484E2C78B9AD003EA1E6 /* RSSessionDTO.swift */ = {isa = PBXFileReference; lastKnownFileType = sourcecode.swift; path = RSSessionDTO.swift; sourceTree = "<group>"; };
		027A48502C78B9B7003EA1E6 /* RSSetDTO.swift */ = {isa = PBXFileReference; lastKnownFileType = sourcecode.swift; path = RSSetDTO.swift; sourceTree = "<group>"; };
		027A48522C78B9C0003EA1E6 /* RSRepDTO.swift */ = {isa = PBXFileReference; lastKnownFileType = sourcecode.swift; path = RSRepDTO.swift; sourceTree = "<group>"; };
		027A48552C78B9EE003EA1E6 /* RSSession.swift */ = {isa = PBXFileReference; lastKnownFileType = sourcecode.swift; path = RSSession.swift; sourceTree = "<group>"; };
		027A48572C78B9F4003EA1E6 /* RSSet.swift */ = {isa = PBXFileReference; lastKnownFileType = sourcecode.swift; path = RSSet.swift; sourceTree = "<group>"; };
		027A48592C78B9FB003EA1E6 /* RSRep.swift */ = {isa = PBXFileReference; lastKnownFileType = sourcecode.swift; path = RSRep.swift; sourceTree = "<group>"; };
/* End PBXFileReference section */

/* Begin PBXFrameworksBuildPhase section */
		027A481D2C78A5A8003EA1E6 /* Frameworks */ = {
			isa = PBXFrameworksBuildPhase;
			buildActionMask = 2147483647;
			files = (
			);
			runOnlyForDeploymentPostprocessing = 0;
		};
/* End PBXFrameworksBuildPhase section */

/* Begin PBXGroup section */
		027A48172C78A5A8003EA1E6 = {
			isa = PBXGroup;
			children = (
				027A48222C78A5A8003EA1E6 /* RepSet */,
				027A48212C78A5A8003EA1E6 /* Products */,
			);
			sourceTree = "<group>";
		};
		027A48212C78A5A8003EA1E6 /* Products */ = {
			isa = PBXGroup;
			children = (
				027A48202C78A5A8003EA1E6 /* RepSet.app */,
			);
			name = Products;
			sourceTree = "<group>";
		};
		027A48222C78A5A8003EA1E6 /* RepSet */ = {
			isa = PBXGroup;
			children = (
				027A48232C78A5A8003EA1E6 /* RepSetApp.swift */,
				027A48352C78A986003EA1E6 /* Utilities */,
				027A48312C78A78B003EA1E6 /* Managers */,
				027A484D2C78B994003EA1E6 /* Model */,
				027A483A2C78B6CE003EA1E6 /* Views */,
				027A48272C78A5A9003EA1E6 /* Assets.xcassets */,
				027A48292C78A5A9003EA1E6 /* Preview Content */,
			);
			path = RepSet;
			sourceTree = "<group>";
		};
		027A48292C78A5A9003EA1E6 /* Preview Content */ = {
			isa = PBXGroup;
			children = (
				027A482A2C78A5A9003EA1E6 /* Preview Assets.xcassets */,
			);
			path = "Preview Content";
			sourceTree = "<group>";
		};
		027A48312C78A78B003EA1E6 /* Managers */ = {
			isa = PBXGroup;
			children = (
				027A48332C78A7AB003EA1E6 /* NetworkManager.swift */,
			);
			path = Managers;
			sourceTree = "<group>";
		};
		027A48352C78A986003EA1E6 /* Utilities */ = {
			isa = PBXGroup;
			children = (
				027A48362C78A99B003EA1E6 /* RSError.swift */,
			);
			path = Utilities;
			sourceTree = "<group>";
		};
		027A483A2C78B6CE003EA1E6 /* Views */ = {
			isa = PBXGroup;
			children = (
				027A48462C78B8C0003EA1E6 /* Sessions Screen */,
				027A48472C78B8D0003EA1E6 /* Sets Screen */,
				027A48482C78B8E1003EA1E6 /* Reps Screen */,
			);
			path = Views;
			sourceTree = "<group>";
		};
		027A48462C78B8C0003EA1E6 /* Sessions Screen */ = {
			isa = PBXGroup;
			children = (
				027A48402C78B7E4003EA1E6 /* SessionsScreenView.swift */,
				027A483E2C78B7D3003EA1E6 /* SessionsScreenView+VM.swift */,
			);
			path = "Sessions Screen";
			sourceTree = "<group>";
		};
		027A48472C78B8D0003EA1E6 /* Sets Screen */ = {
			isa = PBXGroup;
			children = (
				027A48442C78B854003EA1E6 /* SetsScreenView+VM.swift */,
				027A48422C78B847003EA1E6 /* SetsScreenView.swift */,
			);
			path = "Sets Screen";
			sourceTree = "<group>";
		};
		027A48482C78B8E1003EA1E6 /* Reps Screen */ = {
			isa = PBXGroup;
			children = (
				027A48492C78B8F6003EA1E6 /* RepsScreenView.swift */,
				027A484B2C78B902003EA1E6 /* RepsScreenView+VM.swift */,
			);
			path = "Reps Screen";
			sourceTree = "<group>";
		};
		027A484D2C78B994003EA1E6 /* Model */ = {
			isa = PBXGroup;
			children = (
				027A48542C78B9CF003EA1E6 /* Data Transfer Objects */,
				027A48552C78B9EE003EA1E6 /* RSSession.swift */,
				027A48572C78B9F4003EA1E6 /* RSSet.swift */,
				027A48592C78B9FB003EA1E6 /* RSRep.swift */,
			);
			path = Model;
			sourceTree = "<group>";
		};
		027A48542C78B9CF003EA1E6 /* Data Transfer Objects */ = {
			isa = PBXGroup;
			children = (
				027A484E2C78B9AD003EA1E6 /* RSSessionDTO.swift */,
				027A48502C78B9B7003EA1E6 /* RSSetDTO.swift */,
				027A48522C78B9C0003EA1E6 /* RSRepDTO.swift */,
			);
			path = "Data Transfer Objects";
			sourceTree = "<group>";
		};
/* End PBXGroup section */

/* Begin PBXNativeTarget section */
		027A481F2C78A5A8003EA1E6 /* RepSet */ = {
			isa = PBXNativeTarget;
			buildConfigurationList = 027A482E2C78A5A9003EA1E6 /* Build configuration list for PBXNativeTarget "RepSet" */;
			buildPhases = (
				027A481C2C78A5A8003EA1E6 /* Sources */,
				027A481D2C78A5A8003EA1E6 /* Frameworks */,
				027A481E2C78A5A8003EA1E6 /* Resources */,
			);
			buildRules = (
			);
			dependencies = (
			);
			name = RepSet;
			productName = RepSet;
			productReference = 027A48202C78A5A8003EA1E6 /* RepSet.app */;
			productType = "com.apple.product-type.application";
		};
/* End PBXNativeTarget section */

/* Begin PBXProject section */
		027A48182C78A5A8003EA1E6 /* Project object */ = {
			isa = PBXProject;
			attributes = {
				BuildIndependentTargetsInParallel = 1;
				LastSwiftUpdateCheck = 1540;
				LastUpgradeCheck = 1540;
				TargetAttributes = {
					027A481F2C78A5A8003EA1E6 = {
						CreatedOnToolsVersion = 15.4;
					};
				};
			};
			buildConfigurationList = 027A481B2C78A5A8003EA1E6 /* Build configuration list for PBXProject "RepSet" */;
			compatibilityVersion = "Xcode 14.0";
			developmentRegion = en;
			hasScannedForEncodings = 0;
			knownRegions = (
				en,
				Base,
			);
			mainGroup = 027A48172C78A5A8003EA1E6;
			productRefGroup = 027A48212C78A5A8003EA1E6 /* Products */;
			projectDirPath = "";
			projectRoot = "";
			targets = (
				027A481F2C78A5A8003EA1E6 /* RepSet */,
			);
		};
/* End PBXProject section */

/* Begin PBXResourcesBuildPhase section */
		027A481E2C78A5A8003EA1E6 /* Resources */ = {
			isa = PBXResourcesBuildPhase;
			buildActionMask = 2147483647;
			files = (
				027A482B2C78A5A9003EA1E6 /* Preview Assets.xcassets in Resources */,
				027A48282C78A5A9003EA1E6 /* Assets.xcassets in Resources */,
			);
			runOnlyForDeploymentPostprocessing = 0;
		};
/* End PBXResourcesBuildPhase section */

/* Begin PBXSourcesBuildPhase section */
		027A481C2C78A5A8003EA1E6 /* Sources */ = {
			isa = PBXSourcesBuildPhase;
			buildActionMask = 2147483647;
			files = (
				027A485A2C78B9FB003EA1E6 /* RSRep.swift in Sources */,
				027A484A2C78B8F6003EA1E6 /* RepsScreenView.swift in Sources */,
				027A48562C78B9EE003EA1E6 /* RSSession.swift in Sources */,
				027A48342C78A7AB003EA1E6 /* NetworkManager.swift in Sources */,
				027A48512C78B9B7003EA1E6 /* RSSetDTO.swift in Sources */,
				027A48432C78B847003EA1E6 /* SetsScreenView.swift in Sources */,
				027A48412C78B7E4003EA1E6 /* SessionsScreenView.swift in Sources */,
				027A48532C78B9C0003EA1E6 /* RSRepDTO.swift in Sources */,
				027A483F2C78B7D3003EA1E6 /* SessionsScreenView+VM.swift in Sources */,
				027A484C2C78B902003EA1E6 /* RepsScreenView+VM.swift in Sources */,
				027A48242C78A5A8003EA1E6 /* RepSetApp.swift in Sources */,
				027A48372C78A99B003EA1E6 /* RSError.swift in Sources */,
				027A484F2C78B9AD003EA1E6 /* RSSessionDTO.swift in Sources */,
				027A48452C78B854003EA1E6 /* SetsScreenView+VM.swift in Sources */,
				027A48582C78B9F4003EA1E6 /* RSSet.swift in Sources */,
			);
			runOnlyForDeploymentPostprocessing = 0;
		};
/* End PBXSourcesBuildPhase section */

/* Begin XCBuildConfiguration section */
		027A482C2C78A5A9003EA1E6 /* Debug */ = {
			isa = XCBuildConfiguration;
			buildSettings = {
				ALWAYS_SEARCH_USER_PATHS = NO;
				ASSETCATALOG_COMPILER_GENERATE_SWIFT_ASSET_SYMBOL_EXTENSIONS = YES;
				CLANG_ANALYZER_NONNULL = YES;
				CLANG_ANALYZER_NUMBER_OBJECT_CONVERSION = YES_AGGRESSIVE;
				CLANG_CXX_LANGUAGE_STANDARD = "gnu++20";
				CLANG_ENABLE_MODULES = YES;
				CLANG_ENABLE_OBJC_ARC = YES;
				CLANG_ENABLE_OBJC_WEAK = YES;
				CLANG_WARN_BLOCK_CAPTURE_AUTORELEASING = YES;
				CLANG_WARN_BOOL_CONVERSION = YES;
				CLANG_WARN_COMMA = YES;
				CLANG_WARN_CONSTANT_CONVERSION = YES;
				CLANG_WARN_DEPRECATED_OBJC_IMPLEMENTATIONS = YES;
				CLANG_WARN_DIRECT_OBJC_ISA_USAGE = YES_ERROR;
				CLANG_WARN_DOCUMENTATION_COMMENTS = YES;
				CLANG_WARN_EMPTY_BODY = YES;
				CLANG_WARN_ENUM_CONVERSION = YES;
				CLANG_WARN_INFINITE_RECURSION = YES;
				CLANG_WARN_INT_CONVERSION = YES;
				CLANG_WARN_NON_LITERAL_NULL_CONVERSION = YES;
				CLANG_WARN_OBJC_IMPLICIT_RETAIN_SELF = YES;
				CLANG_WARN_OBJC_LITERAL_CONVERSION = YES;
				CLANG_WARN_OBJC_ROOT_CLASS = YES_ERROR;
				CLANG_WARN_QUOTED_INCLUDE_IN_FRAMEWORK_HEADER = YES;
				CLANG_WARN_RANGE_LOOP_ANALYSIS = YES;
				CLANG_WARN_STRICT_PROTOTYPES = YES;
				CLANG_WARN_SUSPICIOUS_MOVE = YES;
				CLANG_WARN_UNGUARDED_AVAILABILITY = YES_AGGRESSIVE;
				CLANG_WARN_UNREACHABLE_CODE = YES;
				CLANG_WARN__DUPLICATE_METHOD_MATCH = YES;
				COPY_PHASE_STRIP = NO;
				DEBUG_INFORMATION_FORMAT = dwarf;
				ENABLE_STRICT_OBJC_MSGSEND = YES;
				ENABLE_TESTABILITY = YES;
				ENABLE_USER_SCRIPT_SANDBOXING = YES;
				GCC_C_LANGUAGE_STANDARD = gnu17;
				GCC_DYNAMIC_NO_PIC = NO;
				GCC_NO_COMMON_BLOCKS = YES;
				GCC_OPTIMIZATION_LEVEL = 0;
				GCC_PREPROCESSOR_DEFINITIONS = (
					"DEBUG=1",
					"$(inherited)",
				);
				GCC_WARN_64_TO_32_BIT_CONVERSION = YES;
				GCC_WARN_ABOUT_RETURN_TYPE = YES_ERROR;
				GCC_WARN_UNDECLARED_SELECTOR = YES;
				GCC_WARN_UNINITIALIZED_AUTOS = YES_AGGRESSIVE;
				GCC_WARN_UNUSED_FUNCTION = YES;
				GCC_WARN_UNUSED_VARIABLE = YES;
				IPHONEOS_DEPLOYMENT_TARGET = 17.0;
				LOCALIZATION_PREFERS_STRING_CATALOGS = YES;
				MTL_ENABLE_DEBUG_INFO = INCLUDE_SOURCE;
				MTL_FAST_MATH = YES;
				ONLY_ACTIVE_ARCH = YES;
				SDKROOT = iphoneos;
				SWIFT_ACTIVE_COMPILATION_CONDITIONS = "DEBUG $(inherited)";
				SWIFT_OPTIMIZATION_LEVEL = "-Onone";
			};
			name = Debug;
		};
		027A482D2C78A5A9003EA1E6 /* Release */ = {
			isa = XCBuildConfiguration;
			buildSettings = {
				ALWAYS_SEARCH_USER_PATHS = NO;
				ASSETCATALOG_COMPILER_GENERATE_SWIFT_ASSET_SYMBOL_EXTENSIONS = YES;
				CLANG_ANALYZER_NONNULL = YES;
				CLANG_ANALYZER_NUMBER_OBJECT_CONVERSION = YES_AGGRESSIVE;
				CLANG_CXX_LANGUAGE_STANDARD = "gnu++20";
				CLANG_ENABLE_MODULES = YES;
				CLANG_ENABLE_OBJC_ARC = YES;
				CLANG_ENABLE_OBJC_WEAK = YES;
				CLANG_WARN_BLOCK_CAPTURE_AUTORELEASING = YES;
				CLANG_WARN_BOOL_CONVERSION = YES;
				CLANG_WARN_COMMA = YES;
				CLANG_WARN_CONSTANT_CONVERSION = YES;
				CLANG_WARN_DEPRECATED_OBJC_IMPLEMENTATIONS = YES;
				CLANG_WARN_DIRECT_OBJC_ISA_USAGE = YES_ERROR;
				CLANG_WARN_DOCUMENTATION_COMMENTS = YES;
				CLANG_WARN_EMPTY_BODY = YES;
				CLANG_WARN_ENUM_CONVERSION = YES;
				CLANG_WARN_INFINITE_RECURSION = YES;
				CLANG_WARN_INT_CONVERSION = YES;
				CLANG_WARN_NON_LITERAL_NULL_CONVERSION = YES;
				CLANG_WARN_OBJC_IMPLICIT_RETAIN_SELF = YES;
				CLANG_WARN_OBJC_LITERAL_CONVERSION = YES;
				CLANG_WARN_OBJC_ROOT_CLASS = YES_ERROR;
				CLANG_WARN_QUOTED_INCLUDE_IN_FRAMEWORK_HEADER = YES;
				CLANG_WARN_RANGE_LOOP_ANALYSIS = YES;
				CLANG_WARN_STRICT_PROTOTYPES = YES;
				CLANG_WARN_SUSPICIOUS_MOVE = YES;
				CLANG_WARN_UNGUARDED_AVAILABILITY = YES_AGGRESSIVE;
				CLANG_WARN_UNREACHABLE_CODE = YES;
				CLANG_WARN__DUPLICATE_METHOD_MATCH = YES;
				COPY_PHASE_STRIP = NO;
				DEBUG_INFORMATION_FORMAT = "dwarf-with-dsym";
				ENABLE_NS_ASSERTIONS = NO;
				ENABLE_STRICT_OBJC_MSGSEND = YES;
				ENABLE_USER_SCRIPT_SANDBOXING = YES;
				GCC_C_LANGUAGE_STANDARD = gnu17;
				GCC_NO_COMMON_BLOCKS = YES;
				GCC_WARN_64_TO_32_BIT_CONVERSION = YES;
				GCC_WARN_ABOUT_RETURN_TYPE = YES_ERROR;
				GCC_WARN_UNDECLARED_SELECTOR = YES;
				GCC_WARN_UNINITIALIZED_AUTOS = YES_AGGRESSIVE;
				GCC_WARN_UNUSED_FUNCTION = YES;
				GCC_WARN_UNUSED_VARIABLE = YES;
				IPHONEOS_DEPLOYMENT_TARGET = 17.0;
				LOCALIZATION_PREFERS_STRING_CATALOGS = YES;
				MTL_ENABLE_DEBUG_INFO = NO;
				MTL_FAST_MATH = YES;
				SDKROOT = iphoneos;
				SWIFT_COMPILATION_MODE = wholemodule;
				VALIDATE_PRODUCT = YES;
			};
			name = Release;
		};
		027A482F2C78A5A9003EA1E6 /* Debug */ = {
			isa = XCBuildConfiguration;
			buildSettings = {
				ASSETCATALOG_COMPILER_APPICON_NAME = AppIcon;
				ASSETCATALOG_COMPILER_GLOBAL_ACCENT_COLOR_NAME = AccentColor;
				CODE_SIGN_STYLE = Automatic;
				CURRENT_PROJECT_VERSION = 1;
				DEVELOPMENT_ASSET_PATHS = "\"RepSet/Preview Content\"";
				ENABLE_PREVIEWS = YES;
				GENERATE_INFOPLIST_FILE = YES;
				INFOPLIST_KEY_CFBundleDisplayName = RepSet;
				INFOPLIST_KEY_UIApplicationSceneManifest_Generation = YES;
				INFOPLIST_KEY_UIApplicationSupportsIndirectInputEvents = YES;
				INFOPLIST_KEY_UILaunchScreen_Generation = YES;
				INFOPLIST_KEY_UISupportedInterfaceOrientations = UIInterfaceOrientationPortrait;
				INFOPLIST_KEY_UISupportedInterfaceOrientations_iPad = "UIInterfaceOrientationLandscapeLeft UIInterfaceOrientationLandscapeRight UIInterfaceOrientationPortrait UIInterfaceOrientationPortraitUpsideDown";
				IPHONEOS_DEPLOYMENT_TARGET = 17.0;
				LD_RUNPATH_SEARCH_PATHS = (
					"$(inherited)",
					"@executable_path/Frameworks",
				);
				MARKETING_VERSION = 1.0;
				PRODUCT_BUNDLE_IDENTIFIER = com.quinnium.RepSet;
				PRODUCT_NAME = "$(TARGET_NAME)";
				SUPPORTED_PLATFORMS = "iphoneos iphonesimulator";
				SUPPORTS_MACCATALYST = NO;
				SUPPORTS_MAC_DESIGNED_FOR_IPHONE_IPAD = NO;
				SUPPORTS_XR_DESIGNED_FOR_IPHONE_IPAD = NO;
				SWIFT_EMIT_LOC_STRINGS = YES;
				SWIFT_VERSION = 5.0;
				TARGETED_DEVICE_FAMILY = 1;
			};
			name = Debug;
		};
		027A48302C78A5A9003EA1E6 /* Release */ = {
			isa = XCBuildConfiguration;
			buildSettings = {
				ASSETCATALOG_COMPILER_APPICON_NAME = AppIcon;
				ASSETCATALOG_COMPILER_GLOBAL_ACCENT_COLOR_NAME = AccentColor;
				CODE_SIGN_STYLE = Automatic;
				CURRENT_PROJECT_VERSION = 1;
				DEVELOPMENT_ASSET_PATHS = "\"RepSet/Preview Content\"";
				ENABLE_PREVIEWS = YES;
				GENERATE_INFOPLIST_FILE = YES;
				INFOPLIST_KEY_CFBundleDisplayName = RepSet;
				INFOPLIST_KEY_UIApplicationSceneManifest_Generation = YES;
				INFOPLIST_KEY_UIApplicationSupportsIndirectInputEvents = YES;
				INFOPLIST_KEY_UILaunchScreen_Generation = YES;
				INFOPLIST_KEY_UISupportedInterfaceOrientations = UIInterfaceOrientationPortrait;
				INFOPLIST_KEY_UISupportedInterfaceOrientations_iPad = "UIInterfaceOrientationLandscapeLeft UIInterfaceOrientationLandscapeRight UIInterfaceOrientationPortrait UIInterfaceOrientationPortraitUpsideDown";
				IPHONEOS_DEPLOYMENT_TARGET = 17.0;
				LD_RUNPATH_SEARCH_PATHS = (
					"$(inherited)",
					"@executable_path/Frameworks",
				);
				MARKETING_VERSION = 1.0;
				PRODUCT_BUNDLE_IDENTIFIER = com.quinnium.RepSet;
				PRODUCT_NAME = "$(TARGET_NAME)";
				SUPPORTED_PLATFORMS = "iphoneos iphonesimulator";
				SUPPORTS_MACCATALYST = NO;
				SUPPORTS_MAC_DESIGNED_FOR_IPHONE_IPAD = NO;
				SUPPORTS_XR_DESIGNED_FOR_IPHONE_IPAD = NO;
				SWIFT_EMIT_LOC_STRINGS = YES;
				SWIFT_VERSION = 5.0;
				TARGETED_DEVICE_FAMILY = 1;
			};
			name = Release;
		};
/* End XCBuildConfiguration section */

/* Begin XCConfigurationList section */
		027A481B2C78A5A8003EA1E6 /* Build configuration list for PBXProject "RepSet" */ = {
			isa = XCConfigurationList;
			buildConfigurations = (
				027A482C2C78A5A9003EA1E6 /* Debug */,
				027A482D2C78A5A9003EA1E6 /* Release */,
			);
			defaultConfigurationIsVisible = 0;
			defaultConfigurationName = Release;
		};
		027A482E2C78A5A9003EA1E6 /* Build configuration list for PBXNativeTarget "RepSet" */ = {
			isa = XCConfigurationList;
			buildConfigurations = (
				027A482F2C78A5A9003EA1E6 /* Debug */,
				027A48302C78A5A9003EA1E6 /* Release */,
			);
			defaultConfigurationIsVisible = 0;
			defaultConfigurationName = Release;
		};
/* End XCConfigurationList section */
	};
	rootObject = 027A48182C78A5A8003EA1E6 /* Project object */;
}
